
Microsoft Visual Studio Solution File, Format Version 12.00
# Visual Studio Version 16
VisualStudioVersion = 16.0.29613.14
MinimumVisualStudioVersion = 10.0.40219.1
Project("{8BC9CEB8-8B4A-11D0-8D11-00A0C91BC942}") = "ImageProcessingProject", "ImageProcessingProject.vcxproj", "{EB19E3C9-5369-43FE-B74D-EA35AE286968}"
EndProject
Global
	GlobalSection(SolutionConfigurationPlatforms) = preSolution
		Debug|x64 = Debug|x64
		Debug|x86 = Debug|x86
		Release|x64 = Release|x64
		Release|x86 = Release|x86
	EndGlobalSection
	GlobalSection(ProjectConfigurationPlatforms) = postSolution
		{EB19E3C9-5369-43FE-B74D-EA35AE286968}.Debug|x64.ActiveCfg = Debug|x64
		{EB19E3C9-5369-43FE-B74D-EA35AE286968}.Debug|x64.Build.0 = Debug|x64
		{EB19E3C9-5369-43FE-B74D-EA35AE286968}.Debug|x86.ActiveCfg = Debug|Win32
		{EB19E3C9-5369-43FE-B74D-EA35AE286968}.Debug|x86.Build.0 = Debug|Win32
		{EB19E3C9-5369-43FE-B74D-EA35AE286968}.Release|x64.ActiveCfg = Release|x64
		{EB19E3C9-5369-43FE-B74D-EA35AE286968}.Release|x64.Build.0 = Release|x64
		{EB19E3C9-5369-43FE-B74D-EA35AE286968}.Release|x86.ActiveCfg = Release|Win32
		{EB19E3C9-5369-43FE-B74D-EA35AE286968}.Release|x86.Build.0 = Release|Win32
	EndGlobalSection
	GlobalSection(SolutionProperties) = preSolution
		HideSolutionNode = FALSE
	EndGlobalSection
	GlobalSection(ExtensibilityGlobals) = postSolution
		SolutionGuid = {2912DE11-5B46-463E-A3A1-844448ADA9D3}
	EndGlobalSection
EndGlobal
